
Microsoft Visual Studio Solution File, Format Version 12.00
# Visual Studio Version 16
VisualStudioVersion = 16.0.29728.190
MinimumVisualStudioVersion = 10.0.40219.1
Project("{FAE04EC0-301F-11D3-BF4B-00C04F79EFBC}") = "BookCrossingBackEnd", "BookCrossingBackEnd\BookCrossingBackEnd.csproj", "{5022AB3A-75C9-4DF4-91A8-D26385E0FAC8}"
EndProject
Global
	GlobalSection(SolutionConfigurationPlatforms) = preSolution
		Debug|Any CPU = Debug|Any CPU
		Release|Any CPU = Release|Any CPU
	EndGlobalSection
	GlobalSection(ProjectConfigurationPlatforms) = postSolution
		{5022AB3A-75C9-4DF4-91A8-D26385E0FAC8}.Debug|Any CPU.ActiveCfg = Debug|Any CPU
		{5022AB3A-75C9-4DF4-91A8-D26385E0FAC8}.Debug|Any CPU.Build.0 = Debug|Any CPU
		{5022AB3A-75C9-4DF4-91A8-D26385E0FAC8}.Release|Any CPU.ActiveCfg = Release|Any CPU
		{5022AB3A-75C9-4DF4-91A8-D26385E0FAC8}.Release|Any CPU.Build.0 = Release|Any CPU
	EndGlobalSection
	GlobalSection(SolutionProperties) = preSolution
		HideSolutionNode = FALSE
	EndGlobalSection
	GlobalSection(ExtensibilityGlobals) = postSolution
		SolutionGuid = {0A4993DC-341A-4364-8C52-EA1B160B02D0}
	EndGlobalSection
EndGlobal
